
Microsoft Visual Studio Solution File, Format Version 12.00
# Visual Studio Version 16
VisualStudioVersion = 16.0.30717.126
MinimumVisualStudioVersion = 10.0.40219.1
Project("{FAE04EC0-301F-11D3-BF4B-00C04F79EFBC}") = "SimpleDBAccess", "SimpleDBAccess\SimpleDBAccess.csproj", "{8D2B4404-17F6-45A5-AA94-C97650A4590D}"
EndProject
Global
	GlobalSection(SolutionConfigurationPlatforms) = preSolution
		Debug|Any CPU = Debug|Any CPU
		Release|Any CPU = Release|Any CPU
	EndGlobalSection
	GlobalSection(ProjectConfigurationPlatforms) = postSolution
		{8D2B4404-17F6-45A5-AA94-C97650A4590D}.Debug|Any CPU.ActiveCfg = Debug|Any CPU
		{8D2B4404-17F6-45A5-AA94-C97650A4590D}.Debug|Any CPU.Build.0 = Debug|Any CPU
		{8D2B4404-17F6-45A5-AA94-C97650A4590D}.Release|Any CPU.ActiveCfg = Release|Any CPU
		{8D2B4404-17F6-45A5-AA94-C97650A4590D}.Release|Any CPU.Build.0 = Release|Any CPU
	EndGlobalSection
	GlobalSection(SolutionProperties) = preSolution
		HideSolutionNode = FALSE
	EndGlobalSection
	GlobalSection(ExtensibilityGlobals) = postSolution
		SolutionGuid = {52DCE6C8-B121-492D-9539-456880206769}
	EndGlobalSection
EndGlobal
